
Microsoft Visual Studio Solution File, Format Version 12.00
# Visual Studio Version 17
VisualStudioVersion = 17.11.35222.181
MinimumVisualStudioVersion = 10.0.40219.1
Project("{FAE04EC0-301F-11D3-BF4B-00C04F79EFBC}") = "BackEnd", "BackEnd.csproj", "{71D5E6EE-F012-4C23-8FCF-B6DAF52922BE}"
EndProject
Global
	GlobalSection(SolutionConfigurationPlatforms) = preSolution
		Debug|Any CPU = Debug|Any CPU
		Release|Any CPU = Release|Any CPU
	EndGlobalSection
	GlobalSection(ProjectConfigurationPlatforms) = postSolution
		{71D5E6EE-F012-4C23-8FCF-B6DAF52922BE}.Debug|Any CPU.ActiveCfg = Debug|Any CPU
		{71D5E6EE-F012-4C23-8FCF-B6DAF52922BE}.Debug|Any CPU.Build.0 = Debug|Any CPU
		{71D5E6EE-F012-4C23-8FCF-B6DAF52922BE}.Release|Any CPU.ActiveCfg = Release|Any CPU
		{71D5E6EE-F012-4C23-8FCF-B6DAF52922BE}.Release|Any CPU.Build.0 = Release|Any CPU
	EndGlobalSection
	GlobalSection(SolutionProperties) = preSolution
		HideSolutionNode = FALSE
	EndGlobalSection
	GlobalSection(ExtensibilityGlobals) = postSolution
		SolutionGuid = {8CE43DDC-118F-4B4B-B870-9EAD8A406515}
	EndGlobalSection
EndGlobal
